// !$*UTF8*$!
{
	archiveVersion = 1;
	classes = {
	};
	objectVersion = 50;
	objects = {

/* Begin PBXBuildFile section */
		442238BE23FB70DC00DD0469 /* AppDelegate.swift in Sources */ = {isa = PBXBuildFile; fileRef = 442238BD23FB70DC00DD0469 /* AppDelegate.swift */; };
		442238C023FB70DC00DD0469 /* SceneDelegate.swift in Sources */ = {isa = PBXBuildFile; fileRef = 442238BF23FB70DC00DD0469 /* SceneDelegate.swift */; };
		442238C223FB70DC00DD0469 /* ViewController.swift in Sources */ = {isa = PBXBuildFile; fileRef = 442238C123FB70DC00DD0469 /* ViewController.swift */; };
		442238C523FB70DC00DD0469 /* Main.storyboard in Resources */ = {isa = PBXBuildFile; fileRef = 442238C323FB70DC00DD0469 /* Main.storyboard */; };
		442238C723FB70DD00DD0469 /* Assets.xcassets in Resources */ = {isa = PBXBuildFile; fileRef = 442238C623FB70DD00DD0469 /* Assets.xcassets */; };
		442238CA23FB70DD00DD0469 /* LaunchScreen.storyboard in Resources */ = {isa = PBXBuildFile; fileRef = 442238C823FB70DD00DD0469 /* LaunchScreen.storyboard */; };
/* End PBXBuildFile section */

/* Begin PBXFileReference section */
		442238BA23FB70DC00DD0469 /* DragAndDrop(UITableview).app */ = {isa = PBXFileReference; explicitFileType = wrapper.application; includeInIndex = 0; path = "DragAndDrop(UITableview).app"; sourceTree = BUILT_PRODUCTS_DIR; };
		442238BD23FB70DC00DD0469 /* AppDelegate.swift */ = {isa = PBXFileReference; lastKnownFileType = sourcecode.swift; path = AppDelegate.swift; sourceTree = "<group>"; };
		442238BF23FB70DC00DD0469 /* SceneDelegate.swift */ = {isa = PBXFileReference; lastKnownFileType = sourcecode.swift; path = SceneDelegate.swift; sourceTree = "<group>"; };
		442238C123FB70DC00DD0469 /* ViewController.swift */ = {isa = PBXFileReference; lastKnownFileType = sourcecode.swift; path = ViewController.swift; sourceTree = "<group>"; };
		442238C423FB70DC00DD0469 /* Base */ = {isa = PBXFileReference; lastKnownFileType = file.storyboard; name = Base; path = Base.lproj/Main.storyboard; sourceTree = "<group>"; };
		442238C623FB70DD00DD0469 /* Assets.xcassets */ = {isa = PBXFileReference; lastKnownFileType = folder.assetcatalog; path = Assets.xcassets; sourceTree = "<group>"; };
		442238C923FB70DD00DD0469 /* Base */ = {isa = PBXFileReference; lastKnownFileType = file.storyboard; name = Base; path = Base.lproj/LaunchScreen.storyboard; sourceTree = "<group>"; };
		442238CB23FB70DD00DD0469 /* Info.plist */ = {isa = PBXFileReference; lastKnownFileType = text.plist.xml; path = Info.plist; sourceTree = "<group>"; };
/* End PBXFileReference section */

/* Begin PBXFrameworksBuildPhase section */
		442238B723FB70DC00DD0469 /* Frameworks */ = {
			isa = PBXFrameworksBuildPhase;
			buildActionMask = 2147483647;
			files = (
			);
			runOnlyForDeploymentPostprocessing = 0;
		};
/* End PBXFrameworksBuildPhase section */

/* Begin PBXGroup section */
		442238B123FB70DC00DD0469 = {
			isa = PBXGroup;
			children = (
				442238BC23FB70DC00DD0469 /* DragAndDrop(UITableview) */,
				442238BB23FB70DC00DD0469 /* Products */,
			);
			sourceTree = "<group>";
		};
		442238BB23FB70DC00DD0469 /* Products */ = {
			isa = PBXGroup;
			children = (
				442238BA23FB70DC00DD0469 /* DragAndDrop(UITableview).app */,
			);
			name = Products;
			sourceTree = "<group>";
		};
		442238BC23FB70DC00DD0469 /* DragAndDrop(UITableview) */ = {
			isa = PBXGroup;
			children = (
				442238BD23FB70DC00DD0469 /* AppDelegate.swift */,
				442238BF23FB70DC00DD0469 /* SceneDelegate.swift */,
				442238C123FB70DC00DD0469 /* ViewController.swift */,
				442238C323FB70DC00DD0469 /* Main.storyboard */,
				442238C623FB70DD00DD0469 /* Assets.xcassets */,
				442238C823FB70DD00DD0469 /* LaunchScreen.storyboard */,
				442238CB23FB70DD00DD0469 /* Info.plist */,
			);
			path = "DragAndDrop(UITableview)";
			sourceTree = "<group>";
		};
/* End PBXGroup section */

/* Begin PBXNativeTarget section */
		442238B923FB70DC00DD0469 /* DragAndDrop(UITableview) */ = {
			isa = PBXNativeTarget;
			buildConfigurationList = 442238CE23FB70DD00DD0469 /* Build configuration list for PBXNativeTarget "DragAndDrop(UITableview)" */;
			buildPhases = (
				442238B623FB70DC00DD0469 /* Sources */,
				442238B723FB70DC00DD0469 /* Frameworks */,
				442238B823FB70DC00DD0469 /* Resources */,
			);
			buildRules = (
			);
			dependencies = (
			);
			name = "DragAndDrop(UITableview)";
			productName = "DragAndDrop(UITableview)";
			productReference = 442238BA23FB70DC00DD0469 /* DragAndDrop(UITableview).app */;
			productType = "com.apple.product-type.application";
		};
/* End PBXNativeTarget section */

/* Begin PBXProject section */
		442238B223FB70DC00DD0469 /* Project object */ = {
			isa = PBXProject;
			attributes = {
				LastSwiftUpdateCheck = 1130;
				LastUpgradeCheck = 1130;
				ORGANIZATIONNAME = humanplus;
				TargetAttributes = {
					442238B923FB70DC00DD0469 = {
						CreatedOnToolsVersion = 11.3.1;
					};
				};
			};
			buildConfigurationList = 442238B523FB70DC00DD0469 /* Build configuration list for PBXProject "DragAndDrop(UITableview)" */;
			compatibilityVersion = "Xcode 9.3";
			developmentRegion = en;
			hasScannedForEncodings = 0;
			knownRegions = (
				en,
				Base,
			);
			mainGroup = 442238B123FB70DC00DD0469;
			productRefGroup = 442238BB23FB70DC00DD0469 /* Products */;
			projectDirPath = "";
			projectRoot = "";
			targets = (
				442238B923FB70DC00DD0469 /* DragAndDrop(UITableview) */,
			);
		};
/* End PBXProject section */

/* Begin PBXResourcesBuildPhase section */
		442238B823FB70DC00DD0469 /* Resources */ = {
			isa = PBXResourcesBuildPhase;
			buildActionMask = 2147483647;
			files = (
				442238CA23FB70DD00DD0469 /* LaunchScreen.storyboard in Resources */,
				442238C723FB70DD00DD0469 /* Assets.xcassets in Resources */,
				442238C523FB70DC00DD0469 /* Main.storyboard in Resources */,
			);
			runOnlyForDeploymentPostprocessing = 0;
		};
/* End PBXResourcesBuildPhase section */

/* Begin PBXSourcesBuildPhase section */
		442238B623FB70DC00DD0469 /* Sources */ = {
			isa = PBXSourcesBuildPhase;
			buildActionMask = 2147483647;
			files = (
				442238C223FB70DC00DD0469 /* ViewController.swift in Sources */,
				442238BE23FB70DC00DD0469 /* AppDelegate.swift in Sources */,
				442238C023FB70DC00DD0469 /* SceneDelegate.swift in Sources */,
			);
			runOnlyForDeploymentPostprocessing = 0;
		};
/* End PBXSourcesBuildPhase section */

/* Begin PBXVariantGroup section */
		442238C323FB70DC00DD0469 /* Main.storyboard */ = {
			isa = PBXVariantGroup;
			children = (
				442238C423FB70DC00DD0469 /* Base */,
			);
			name = Main.storyboard;
			sourceTree = "<group>";
		};
		442238C823FB70DD00DD0469 /* LaunchScreen.storyboard */ = {
			isa = PBXVariantGroup;
			children = (
				442238C923FB70DD00DD0469 /* Base */,
			);
			name = LaunchScreen.storyboard;
			sourceTree = "<group>";
		};
/* End PBXVariantGroup section */

/* Begin XCBuildConfiguration section */
		442238CC23FB70DD00DD0469 /* Debug */ = {
			isa = XCBuildConfiguration;
			buildSettings = {
				ALWAYS_SEARCH_USER_PATHS = NO;
				CLANG_ANALYZER_NONNULL = YES;
				CLANG_ANALYZER_NUMBER_OBJECT_CONVERSION = YES_AGGRESSIVE;
				CLANG_CXX_LANGUAGE_STANDARD = "gnu++14";
				CLANG_CXX_LIBRARY = "libc++";
				CLANG_ENABLE_MODULES = YES;
				CLANG_ENABLE_OBJC_ARC = YES;
				CLANG_ENABLE_OBJC_WEAK = YES;
				CLANG_WARN_BLOCK_CAPTURE_AUTORELEASING = YES;
				CLANG_WARN_BOOL_CONVERSION = YES;
				CLANG_WARN_COMMA = YES;
				CLANG_WARN_CONSTANT_CONVERSION = YES;
				CLANG_WARN_DEPRECATED_OBJC_IMPLEMENTATIONS = YES;
				CLANG_WARN_DIRECT_OBJC_ISA_USAGE = YES_ERROR;
				CLANG_WARN_DOCUMENTATION_COMMENTS = YES;
				CLANG_WARN_EMPTY_BODY = YES;
				CLANG_WARN_ENUM_CONVERSION = YES;
				CLANG_WARN_INFINITE_RECURSION = YES;
				CLANG_WARN_INT_CONVERSION = YES;
				CLANG_WARN_NON_LITERAL_NULL_CONVERSION = YES;
				CLANG_WARN_OBJC_IMPLICIT_RETAIN_SELF = YES;
				CLANG_WARN_OBJC_LITERAL_CONVERSION = YES;
				CLANG_WARN_OBJC_ROOT_CLASS = YES_ERROR;
				CLANG_WARN_RANGE_LOOP_ANALYSIS = YES;
				CLANG_WARN_STRICT_PROTOTYPES = YES;
				CLANG_WARN_SUSPICIOUS_MOVE = YES;
				CLANG_WARN_UNGUARDED_AVAILABILITY = YES_AGGRESSIVE;
				CLANG_WARN_UNREACHABLE_CODE = YES;
				CLANG_WARN__DUPLICATE_METHOD_MATCH = YES;
				COPY_PHASE_STRIP = NO;
				DEBUG_INFORMATION_FORMAT = dwarf;
				ENABLE_STRICT_OBJC_MSGSEND = YES;
				ENABLE_TESTABILITY = YES;
				GCC_C_LANGUAGE_STANDARD = gnu11;
				GCC_DYNAMIC_NO_PIC = NO;
				GCC_NO_COMMON_BLOCKS = YES;
				GCC_OPTIMIZATION_LEVEL = 0;
				GCC_PREPROCESSOR_DEFINITIONS = (
					"DEBUG=1",
					"$(inherited)",
				);
				GCC_WARN_64_TO_32_BIT_CONVERSION = YES;
				GCC_WARN_ABOUT_RETURN_TYPE = YES_ERROR;
				GCC_WARN_UNDECLARED_SELECTOR = YES;
				GCC_WARN_UNINITIALIZED_AUTOS = YES_AGGRESSIVE;
				GCC_WARN_UNUSED_FUNCTION = YES;
				GCC_WARN_UNUSED_VARIABLE = YES;
				IPHONEOS_DEPLOYMENT_TARGET = 13.2;
				MTL_ENABLE_DEBUG_INFO = INCLUDE_SOURCE;
				MTL_FAST_MATH = YES;
				ONLY_ACTIVE_ARCH = YES;
				SDKROOT = iphoneos;
				SWIFT_ACTIVE_COMPILATION_CONDITIONS = DEBUG;
				SWIFT_OPTIMIZATION_LEVEL = "-Onone";
			};
			name = Debug;
		};
		442238CD23FB70DD00DD0469 /* Release */ = {
			isa = XCBuildConfiguration;
			buildSettings = {
				ALWAYS_SEARCH_USER_PATHS = NO;
				CLANG_ANALYZER_NONNULL = YES;
				CLANG_ANALYZER_NUMBER_OBJECT_CONVERSION = YES_AGGRESSIVE;
				CLANG_CXX_LANGUAGE_STANDARD = "gnu++14";
				CLANG_CXX_LIBRARY = "libc++";
				CLANG_ENABLE_MODULES = YES;
				CLANG_ENABLE_OBJC_ARC = YES;
				CLANG_ENABLE_OBJC_WEAK = YES;
				CLANG_WARN_BLOCK_CAPTURE_AUTORELEASING = YES;
				CLANG_WARN_BOOL_CONVERSION = YES;
				CLANG_WARN_COMMA = YES;
				CLANG_WARN_CONSTANT_CONVERSION = YES;
				CLANG_WARN_DEPRECATED_OBJC_IMPLEMENTATIONS = YES;
				CLANG_WARN_DIRECT_OBJC_ISA_USAGE = YES_ERROR;
				CLANG_WARN_DOCUMENTATION_COMMENTS = YES;
				CLANG_WARN_EMPTY_BODY = YES;
				CLANG_WARN_ENUM_CONVERSION = YES;
				CLANG_WARN_INFINITE_RECURSION = YES;
				CLANG_WARN_INT_CONVERSION = YES;
				CLANG_WARN_NON_LITERAL_NULL_CONVERSION = YES;
				CLANG_WARN_OBJC_IMPLICIT_RETAIN_SELF = YES;
				CLANG_WARN_OBJC_LITERAL_CONVERSION = YES;
				CLANG_WARN_OBJC_ROOT_CLASS = YES_ERROR;
				CLANG_WARN_RANGE_LOOP_ANALYSIS = YES;
				CLANG_WARN_STRICT_PROTOTYPES = YES;
				CLANG_WARN_SUSPICIOUS_MOVE = YES;
				CLANG_WARN_UNGUARDED_AVAILABILITY = YES_AGGRESSIVE;
				CLANG_WARN_UNREACHABLE_CODE = YES;
				CLANG_WARN__DUPLICATE_METHOD_MATCH = YES;
				COPY_PHASE_STRIP = NO;
				DEBUG_INFORMATION_FORMAT = "dwarf-with-dsym";
				ENABLE_NS_ASSERTIONS = NO;
				ENABLE_STRICT_OBJC_MSGSEND = YES;
				GCC_C_LANGUAGE_STANDARD = gnu11;
				GCC_NO_COMMON_BLOCKS = YES;
				GCC_WARN_64_TO_32_BIT_CONVERSION = YES;
				GCC_WARN_ABOUT_RETURN_TYPE = YES_ERROR;
				GCC_WARN_UNDECLARED_SELECTOR = YES;
				GCC_WARN_UNINITIALIZED_AUTOS = YES_AGGRESSIVE;
				GCC_WARN_UNUSED_FUNCTION = YES;
				GCC_WARN_UNUSED_VARIABLE = YES;
				IPHONEOS_DEPLOYMENT_TARGET = 13.2;
				MTL_ENABLE_DEBUG_INFO = NO;
				MTL_FAST_MATH = YES;
				SDKROOT = iphoneos;
				SWIFT_COMPILATION_MODE = wholemodule;
				SWIFT_OPTIMIZATION_LEVEL = "-O";
				VALIDATE_PRODUCT = YES;
			};
			name = Release;
		};
		442238CF23FB70DD00DD0469 /* Debug */ = {
			isa = XCBuildConfiguration;
			buildSettings = {
				ASSETCATALOG_COMPILER_APPICON_NAME = AppIcon;
				CODE_SIGN_STYLE = Automatic;
				DEVELOPMENT_TEAM = HBXK2UB5Z3;
				INFOPLIST_FILE = "DragAndDrop(UITableview)/Info.plist";
				LD_RUNPATH_SEARCH_PATHS = (
					"$(inherited)",
					"@executable_path/Frameworks",
				);
				PRODUCT_BUNDLE_IDENTIFIER = "humanplus.DragAndDrop-UITableview-";
				PRODUCT_NAME = "$(TARGET_NAME)";
				SWIFT_VERSION = 5.0;
				TARGETED_DEVICE_FAMILY = "1,2";
			};
			name = Debug;
		};
		442238D023FB70DD00DD0469 /* Release */ = {
			isa = XCBuildConfiguration;
			buildSettings = {
				ASSETCATALOG_COMPILER_APPICON_NAME = AppIcon;
				CODE_SIGN_STYLE = Automatic;
				DEVELOPMENT_TEAM = HBXK2UB5Z3;
				INFOPLIST_FILE = "DragAndDrop(UITableview)/Info.plist";
				LD_RUNPATH_SEARCH_PATHS = (
					"$(inherited)",
					"@executable_path/Frameworks",
				);
				PRODUCT_BUNDLE_IDENTIFIER = "humanplus.DragAndDrop-UITableview-";
				PRODUCT_NAME = "$(TARGET_NAME)";
				SWIFT_VERSION = 5.0;
				TARGETED_DEVICE_FAMILY = "1,2";
			};
			name = Release;
		};
/* End XCBuildConfiguration section */

/* Begin XCConfigurationList section */
		442238B523FB70DC00DD0469 /* Build configuration list for PBXProject "DragAndDrop(UITableview)" */ = {
			isa = XCConfigurationList;
			buildConfigurations = (
				442238CC23FB70DD00DD0469 /* Debug */,
				442238CD23FB70DD00DD0469 /* Release */,
			);
			defaultConfigurationIsVisible = 0;
			defaultConfigurationName = Release;
		};
		442238CE23FB70DD00DD0469 /* Build configuration list for PBXNativeTarget "DragAndDrop(UITableview)" */ = {
			isa = XCConfigurationList;
			buildConfigurations = (
				442238CF23FB70DD00DD0469 /* Debug */,
				442238D023FB70DD00DD0469 /* Release */,
			);
			defaultConfigurationIsVisible = 0;
			defaultConfigurationName = Release;
		};
/* End XCConfigurationList section */
	};
	rootObject = 442238B223FB70DC00DD0469 /* Project object */;
}
